{
  "name": "invitation-mp",
  "version": "1.0.0",
  "lockfileVersion": 2,
  "requires": true,
  "packages": {
    "": {
      "version": "1.0.0",
      "license": "ISC",
      "dependencies": {
        "miniprogram-api-promise": "^1.0.4",
        "miniprogram-barrage": "^1.1.1"
      }
    },
    "node_modules/miniprogram-api-promise": {
      "version": "1.0.4",
      "resolved": "https://registry.npm.taobao.org/miniprogram-api-promise/download/miniprogram-api-promise-1.0.4.tgz",
      "integrity": "sha1-/v6bcpI/0x+IsSRjtQLLRXyJK0w="
    },
    "node_modules/miniprogram-barrage": {
      "version": "1.1.1",
      "resolved": "https://registry.npm.taobao.org/miniprogram-barrage/download/miniprogram-barrage-1.1.1.tgz",
      "integrity": "sha1-jWu7msySngP1XAugV4cQe2vIwy4="
    }
  },
  "dependencies": {
    "miniprogram-api-promise": {
      "version": "1.0.4",
      "resolved": "https://registry.npm.taobao.org/miniprogram-api-promise/download/miniprogram-api-promise-1.0.4.tgz",
      "integrity": "sha1-/v6bcpI/0x+IsSRjtQLLRXyJK0w="
    },
    "miniprogram-barrage": {
      "version": "1.1.1",
      "resolved": "https://registry.npm.taobao.org/miniprogram-barrage/download/miniprogram-barrage-1.1.1.tgz",
      "integrity": "sha1-jWu7msySngP1XAugV4cQe2vIwy4="
    }
  }
}
